
Microsoft Visual Studio Solution File, Format Version 12.00
# Visual Studio Version 16
VisualStudioVersion = 16.0.30804.86
MinimumVisualStudioVersion = 10.0.40219.1
Project("{FAE04EC0-301F-11D3-BF4B-00C04F79EFBC}") = "ZartisExercise.Test", "ZartisExercise.Test\ZartisExercise.Test.csproj", "{996BE0C1-D1D0-431A-9773-233F3C841148}"
EndProject
Project("{FAE04EC0-301F-11D3-BF4B-00C04F79EFBC}") = "ZartisExercise.Library", "ZartisExercise.Library\ZartisExercise.Library.csproj", "{84F3BD75-0C90-40CA-B979-B0FC30BF9F68}"
EndProject
Global
	GlobalSection(SolutionConfigurationPlatforms) = preSolution
		Debug|Any CPU = Debug|Any CPU
		Release|Any CPU = Release|Any CPU
	EndGlobalSection
	GlobalSection(ProjectConfigurationPlatforms) = postSolution
		{996BE0C1-D1D0-431A-9773-233F3C841148}.Debug|Any CPU.ActiveCfg = Debug|Any CPU
		{996BE0C1-D1D0-431A-9773-233F3C841148}.Debug|Any CPU.Build.0 = Debug|Any CPU
		{996BE0C1-D1D0-431A-9773-233F3C841148}.Release|Any CPU.ActiveCfg = Release|Any CPU
		{996BE0C1-D1D0-431A-9773-233F3C841148}.Release|Any CPU.Build.0 = Release|Any CPU
		{84F3BD75-0C90-40CA-B979-B0FC30BF9F68}.Debug|Any CPU.ActiveCfg = Debug|Any CPU
		{84F3BD75-0C90-40CA-B979-B0FC30BF9F68}.Debug|Any CPU.Build.0 = Debug|Any CPU
		{84F3BD75-0C90-40CA-B979-B0FC30BF9F68}.Release|Any CPU.ActiveCfg = Release|Any CPU
		{84F3BD75-0C90-40CA-B979-B0FC30BF9F68}.Release|Any CPU.Build.0 = Release|Any CPU
	EndGlobalSection
	GlobalSection(SolutionProperties) = preSolution
		HideSolutionNode = FALSE
	EndGlobalSection
	GlobalSection(ExtensibilityGlobals) = postSolution
		SolutionGuid = {29272D52-BBA1-42C4-8896-A360A9FD09CE}
	EndGlobalSection
EndGlobal
